
Microsoft Visual Studio Solution File, Format Version 12.00
# Visual Studio Version 16
VisualStudioVersion = 16.0.29613.14
MinimumVisualStudioVersion = 10.0.40219.1
Project("{FAE04EC0-301F-11D3-BF4B-00C04F79EFBC}") = "LEPTON_VPN", "LEPTON_VPN\LEPTON_VPN.csproj", "{B87EF4FC-53B1-4313-AAE1-2B84F7943DAA}"
EndProject
Global
	GlobalSection(SolutionConfigurationPlatforms) = preSolution
		Debug|Any CPU = Debug|Any CPU
		Release|Any CPU = Release|Any CPU
	EndGlobalSection
	GlobalSection(ProjectConfigurationPlatforms) = postSolution
		{B87EF4FC-53B1-4313-AAE1-2B84F7943DAA}.Debug|Any CPU.ActiveCfg = Debug|Any CPU
		{B87EF4FC-53B1-4313-AAE1-2B84F7943DAA}.Debug|Any CPU.Build.0 = Debug|Any CPU
		{B87EF4FC-53B1-4313-AAE1-2B84F7943DAA}.Release|Any CPU.ActiveCfg = Release|Any CPU
		{B87EF4FC-53B1-4313-AAE1-2B84F7943DAA}.Release|Any CPU.Build.0 = Release|Any CPU
	EndGlobalSection
	GlobalSection(SolutionProperties) = preSolution
		HideSolutionNode = FALSE
	EndGlobalSection
	GlobalSection(ExtensibilityGlobals) = postSolution
		SolutionGuid = {E894DC43-86D6-4306-A994-8384C46EF045}
	EndGlobalSection
EndGlobal
